
Microsoft Visual Studio Solution File, Format Version 12.00
# Visual Studio Version 17
VisualStudioVersion = 17.0.32112.339
MinimumVisualStudioVersion = 10.0.40219.1
Project("{9A19103F-16F7-4668-BE54-9A1E7A4F7556}") = "JokeMachine", "JokeMachine\JokeMachine.csproj", "{CFE5168A-A702-47FF-A43A-F7B1FFD9ED52}"
EndProject
Project("{9A19103F-16F7-4668-BE54-9A1E7A4F7556}") = "JokeLib", "JokeLib\JokeLib.csproj", "{DDA9D6F6-BDBC-4CEE-82AE-BE7A636DF6E6}"
EndProject
Project("{FAE04EC0-301F-11D3-BF4B-00C04F79EFBC}") = "Client", "Client\Client.csproj", "{2E92503E-6FF3-438E-A271-A311C8184E7F}"
EndProject
Global
	GlobalSection(SolutionConfigurationPlatforms) = preSolution
		Debug|Any CPU = Debug|Any CPU
		Release|Any CPU = Release|Any CPU
	EndGlobalSection
	GlobalSection(ProjectConfigurationPlatforms) = postSolution
		{CFE5168A-A702-47FF-A43A-F7B1FFD9ED52}.Debug|Any CPU.ActiveCfg = Debug|Any CPU
		{CFE5168A-A702-47FF-A43A-F7B1FFD9ED52}.Debug|Any CPU.Build.0 = Debug|Any CPU
		{CFE5168A-A702-47FF-A43A-F7B1FFD9ED52}.Release|Any CPU.ActiveCfg = Release|Any CPU
		{CFE5168A-A702-47FF-A43A-F7B1FFD9ED52}.Release|Any CPU.Build.0 = Release|Any CPU
		{DDA9D6F6-BDBC-4CEE-82AE-BE7A636DF6E6}.Debug|Any CPU.ActiveCfg = Debug|Any CPU
		{DDA9D6F6-BDBC-4CEE-82AE-BE7A636DF6E6}.Debug|Any CPU.Build.0 = Debug|Any CPU
		{DDA9D6F6-BDBC-4CEE-82AE-BE7A636DF6E6}.Release|Any CPU.ActiveCfg = Release|Any CPU
		{DDA9D6F6-BDBC-4CEE-82AE-BE7A636DF6E6}.Release|Any CPU.Build.0 = Release|Any CPU
		{2E92503E-6FF3-438E-A271-A311C8184E7F}.Debug|Any CPU.ActiveCfg = Debug|Any CPU
		{2E92503E-6FF3-438E-A271-A311C8184E7F}.Debug|Any CPU.Build.0 = Debug|Any CPU
		{2E92503E-6FF3-438E-A271-A311C8184E7F}.Release|Any CPU.ActiveCfg = Release|Any CPU
		{2E92503E-6FF3-438E-A271-A311C8184E7F}.Release|Any CPU.Build.0 = Release|Any CPU
	EndGlobalSection
	GlobalSection(SolutionProperties) = preSolution
		HideSolutionNode = FALSE
	EndGlobalSection
	GlobalSection(ExtensibilityGlobals) = postSolution
		SolutionGuid = {FBC6342E-DC1B-4559-A989-CAFBB32DE9D7}
	EndGlobalSection
EndGlobal
